
Microsoft Visual Studio Solution File, Format Version 12.00
# Visual Studio 15
VisualStudioVersion = 15.0.27130.2027
MinimumVisualStudioVersion = 10.0.40219.1
Project("{FAE04EC0-301F-11D3-BF4B-00C04F79EFBC}") = "EDSDK.NET", "EDSDK.NET\EDSDK.NET.csproj", "{F32F92E7-1C40-404B-9F2B-EE8E90C42B90}"
EndProject
Global
	GlobalSection(SolutionConfigurationPlatforms) = preSolution
		Debug|Any CPU = Debug|Any CPU
		Release|Any CPU = Release|Any CPU
	EndGlobalSection
	GlobalSection(ProjectConfigurationPlatforms) = postSolution
		{F32F92E7-1C40-404B-9F2B-EE8E90C42B90}.Debug|Any CPU.ActiveCfg = Debug|Any CPU
		{F32F92E7-1C40-404B-9F2B-EE8E90C42B90}.Debug|Any CPU.Build.0 = Debug|Any CPU
		{F32F92E7-1C40-404B-9F2B-EE8E90C42B90}.Release|Any CPU.ActiveCfg = Release|Any CPU
		{F32F92E7-1C40-404B-9F2B-EE8E90C42B90}.Release|Any CPU.Build.0 = Release|Any CPU
	EndGlobalSection
	GlobalSection(SolutionProperties) = preSolution
		HideSolutionNode = FALSE
	EndGlobalSection
	GlobalSection(ExtensibilityGlobals) = postSolution
		SolutionGuid = {4F290DE0-CF49-40BD-9302-8A89171A2FA9}
	EndGlobalSection
EndGlobal
